{
  "version": 4,
  "terraform_version": "1.11.3",
  "serial": 1,
  "lineage": "bfc94e9a-e39e-8db5-49b3-80c39528f3a3",
  "outputs": {},
  "resources": [
    {
      "mode": "managed",
      "type": "aws_placement_group",
      "name": "aws-pg-cluster",
      "provider": "provider[\"registry.terraform.io/hashicorp/aws\"]",
      "instances": [
        {
          "schema_version": 0,
          "attributes": {
            "arn": "arn:aws:ec2:us-east-2:225727384053:placement-group/aws-pg-cluster",
            "id": "aws-pg-cluster",
            "name": "aws-pg-cluster",
            "partition_count": 0,
            "placement_group_id": "pg-0a1e9072bc9b59bbc",
            "spread_level": "",
            "strategy": "cluster",
            "tags": null,
            "tags_all": {
              "can_be_deleted": "yes",
              "cost": "no",
              "created_by": "terraform",
              "lab": "saa-c03",
              "owner": "franciel",
              "type": "cluster",
              "used_for": "aws-certification"
            }
          },
          "sensitive_attributes": [],
          "private": "bnVsbA=="
        }
      ]
    }
  ],
  "check_results": null
}
