{
  "version": 4,
  "terraform_version": "1.7.4",
  "serial": 8,
  "lineage": "123a5a8b-3e6d-e792-2140-f926751488d6",
  "outputs": {},
  "resources": [
    {
      "mode": "managed",
      "type": "aws_iam_policy",
      "name": "test-policy",
      "provider": "provider[\"registry.terraform.io/hashicorp/aws\"]",
      "instances": [
        {
          "schema_version": 0,
          "attributes": {
            "arn": "arn:aws:iam::225727384053:policy/test",
            "description": "",
            "id": "arn:aws:iam::225727384053:policy/test",
            "name": "test",
            "name_prefix": "",
            "path": "/",
            "policy": "{\"Statement\":[{\"Action\":\"*\",\"Effect\":\"Allow\",\"Resource\":\"*\"}],\"Version\":\"2012-10-17\"}",
            "policy_id": "ANPATJDTGRH2QQ3NT2UY4",
            "tags": {},
            "tags_all": {}
          },
          "sensitive_attributes": [],
          "private": "bnVsbA=="
        }
      ]
    },
    {
      "mode": "managed",
      "type": "aws_iam_user",
      "name": "test-user",
      "provider": "provider[\"registry.terraform.io/hashicorp/aws\"]",
      "instances": [
        {
          "schema_version": 0,
          "attributes": {
            "arn": "arn:aws:iam::225727384053:user/francieltest",
            "force_destroy": false,
            "id": "francieltest",
            "name": "francieltest",
            "path": "/",
            "permissions_boundary": "",
            "tags": {
              "Description": "Test user created from terraform"
            },
            "tags_all": {
              "Description": "Test user created from terraform"
            },
            "unique_id": "AIDATJDTGRH25KX3E2RBP"
          },
          "sensitive_attributes": [],
          "private": "bnVsbA=="
        }
      ]
    },
    {
      "mode": "managed",
      "type": "aws_iam_user_policy_attachment",
      "name": "test-give-access",
      "provider": "provider[\"registry.terraform.io/hashicorp/aws\"]",
      "instances": [
        {
          "schema_version": 0,
          "attributes": {
            "id": "francieltest-20240229002406220000000001",
            "policy_arn": "arn:aws:iam::225727384053:policy/test",
            "user": "francieltest"
          },
          "sensitive_attributes": [],
          "private": "bnVsbA==",
          "dependencies": [
            "aws_iam_policy.test-policy",
            "aws_iam_user.test-user"
          ]
        }
      ]
    }
  ],
  "check_results": null
}
