{
  "version": 4,
  "terraform_version": "1.7.4",
  "serial": 73,
  "lineage": "a3cd84bd-2130-d02c-cde5-8106a08c7991",
  "outputs": {},
  "resources": [
    {
      "mode": "managed",
      "type": "local_file",
      "name": "pet",
      "provider": "provider[\"registry.terraform.io/hashicorp/local\"]",
      "instances": [
        {
          "schema_version": 0,
          "attributes": {
            "content": "We love pets!",
            "content_base64": null,
            "content_base64sha256": "zUA5Ip/IeKlmTQIptlp90JdMGAd8YLStDXhpGq0Bp0c=",
            "content_base64sha512": "tduqTz5S8Wa3O9Ab5+g0GcGL6kMjMh61vjFcMm5KkOO5TgViAC/kBOdvYHl9qky2K99+u80z0CfCs2ExsHbjGg==",
            "content_md5": "f510a471c5dc0bcd4759ad9dc81a516f",
            "content_sha1": "cba595b7d9f94ba1107a46f3f731912d95fb3d2c",
            "content_sha256": "cd4039229fc878a9664d0229b65a7dd0974c18077c60b4ad0d78691aad01a747",
            "content_sha512": "b5dbaa4f3e52f166b73bd01be7e83419c18bea4323321eb5be315c326e4a90e3b94e0562002fe404e76f60797daa4cb62bdf7ebbcd33d027c2b36131b076e31a",
            "directory_permission": "0777",
            "file_permission": "0700",
            "filename": "/temp/pets.txt",
            "id": "cba595b7d9f94ba1107a46f3f731912d95fb3d2c",
            "sensitive_content": null,
            "source": null
          },
          "sensitive_attributes": []
        }
      ]
    },
    {
      "mode": "managed",
      "type": "local_file",
      "name": "pet_id",
      "provider": "provider[\"registry.terraform.io/hashicorp/local\"]",
      "instances": [
        {
          "schema_version": 0,
          "attributes": {
            "content": "My pet name is Mrs.glowing.piglet",
            "content_base64": null,
            "content_base64sha256": "Exb1ycDniqcBCKqVve3u8m4PWqB5a7pF8NqUzAwjbDw=",
            "content_base64sha512": "ICbWCcdnNsiW92HL/9NDLOiD7Ef6cep8qIbl6rZjzWCdCAwFCBFt+j+zec3M4vjXHpEz+HBxs3sTfQVF+GYf7w==",
            "content_md5": "c89011fe6db480fc0f73b8006f011cd3",
            "content_sha1": "7a4a6425ef770a155257ea802bbdf76f6011473b",
            "content_sha256": "1316f5c9c0e78aa70108aa95bdedeef26e0f5aa0796bba45f0da94cc0c236c3c",
            "content_sha512": "2026d609c76736c896f761cbffd3432ce883ec47fa71ea7ca886e5eab663cd609d080c0508116dfa3fb379cdcce2f8d71e9133f87071b37b137d0545f8661fef",
            "directory_permission": "0777",
            "file_permission": "0777",
            "filename": "/temp/pets_id.txt",
            "id": "7a4a6425ef770a155257ea802bbdf76f6011473b",
            "sensitive_content": null,
            "source": null
          },
          "sensitive_attributes": [],
          "dependencies": [
            "random_pet.my-pet"
          ]
        }
      ]
    },
    {
      "mode": "managed",
      "type": "local_file",
      "name": "pet_map",
      "provider": "provider[\"registry.terraform.io/hashicorp/local\"]",
      "instances": [
        {
          "schema_version": 0,
          "attributes": {
            "content": "We love pets and var maps!",
            "content_base64": null,
            "content_base64sha256": "7ewVbcTQ5SYYA4ZSWo5alC8QY8LmguFkqvYj575nYLo=",
            "content_base64sha512": "fzRCehesNBE41q0Z5tW5PTQ9wc7d9QNLIbAVXGdGx6A/0LpE07RK/Z1N8qtY4qA7ZUy0R9y3zU5agGToE1x2bQ==",
            "content_md5": "d52a1e96d952d96f014259bd5c7d2dae",
            "content_sha1": "cc5f73b0b25fd7f83466bd59187ee0b7c6d18cf8",
            "content_sha256": "edec156dc4d0e526180386525a8e5a942f1063c2e682e164aaf623e7be6760ba",
            "content_sha512": "7f34427a17ac341138d6ad19e6d5b93d343dc1ceddf5034b21b0155c6746c7a03fd0ba44d3b44afd9d4df2ab58e2a03b654cb447dcb7cd4e5a8064e8135c766d",
            "directory_permission": "0777",
            "file_permission": "0777",
            "filename": "/temp/pets_map.txt",
            "id": "cc5f73b0b25fd7f83466bd59187ee0b7c6d18cf8",
            "sensitive_content": null,
            "source": null
          },
          "sensitive_attributes": []
        }
      ]
    },
    {
      "mode": "managed",
      "type": "local_file",
      "name": "pet_var",
      "provider": "provider[\"registry.terraform.io/hashicorp/local\"]",
      "instances": [
        {
          "schema_version": 0,
          "attributes": {
            "content": "We love pets and vars!!",
            "content_base64": null,
            "content_base64sha256": "1MQOdoZuCi1DLmg7oejlhySeYA90A4dTN0n26d0kxlw=",
            "content_base64sha512": "p4cVuT5kHhNMLrS+dEEUZog4A9QUFZjJNg6RIfd3R80mZqTMSBctNsSodZ+QatoX5PXcBdATQmLuOnN0ktlN4A==",
            "content_md5": "6c2dd8a7b91918ec767064137a78949e",
            "content_sha1": "d2ec50b112db75438105c65f103b620569dd6b7e",
            "content_sha256": "d4c40e76866e0a2d432e683ba1e8e587249e600f740387533749f6e9dd24c65c",
            "content_sha512": "a78715b93e641e134c2eb4be74411466883803d4141598c9360e9121f77747cd2666a4cc48172d36c4a8759f906ada17e4f5dc05d0134262ee3a737492d94de0",
            "directory_permission": "0777",
            "file_permission": "0777",
            "filename": "/temp/pets_var.txt",
            "id": "d2ec50b112db75438105c65f103b620569dd6b7e",
            "sensitive_content": null,
            "source": null
          },
          "sensitive_attributes": []
        }
      ]
    },
    {
      "mode": "managed",
      "type": "local_sensitive_file",
      "name": "pet-sensitive",
      "provider": "provider[\"registry.terraform.io/hashicorp/local\"]",
      "instances": [
        {
          "schema_version": 0,
          "attributes": {
            "content": "We love dogs!",
            "content_base64": null,
            "content_base64sha256": "gmMOSwrASGKSNprRplv1xMace9vUF6pBbx3KR1fHf4c=",
            "content_base64sha512": "CRh5s+ktTy5y/2RxGr0w+Lth593mkxa0M/MWmgya97pO/0D1vZDEKs6rc3J5f2KHciMnB6KIcoSZ3x32lF9RQQ==",
            "content_md5": "c4b44ea5a6efd8a2d16df2b97dcce50e",
            "content_sha1": "9b0a54a41c74ce54e1b5ac42e2bbeb5b00959fdc",
            "content_sha256": "82630e4b0ac0486292369ad1a65bf5c4c69c7bdbd417aa416f1dca4757c77f87",
            "content_sha512": "091879b3e92d4f2e72ff64711abd30f8bb61e7dde69316b433f3169a0c9af7ba4eff40f5bd90c42aceab7372797f628772232707a288728499df1df6945f5141",
            "directory_permission": "0700",
            "file_permission": "0700",
            "filename": "/temp/pets-sensitive.txt",
            "id": "9b0a54a41c74ce54e1b5ac42e2bbeb5b00959fdc",
            "source": null
          },
          "sensitive_attributes": []
        }
      ]
    },
    {
      "mode": "managed",
      "type": "random_pet",
      "name": "my-list-pet",
      "provider": "provider[\"registry.terraform.io/hashicorp/random\"]",
      "instances": [
        {
          "schema_version": 0,
          "attributes": {
            "id": "Mrs.ruling.peacock",
            "keepers": null,
            "length": 2,
            "prefix": "Mrs",
            "separator": "."
          },
          "sensitive_attributes": []
        }
      ]
    },
    {
      "mode": "managed",
      "type": "random_pet",
      "name": "my-pet",
      "provider": "provider[\"registry.terraform.io/hashicorp/random\"]",
      "instances": [
        {
          "schema_version": 0,
          "attributes": {
            "id": "Mrs.glowing.piglet",
            "keepers": null,
            "length": 2,
            "prefix": "Mrs",
            "separator": "."
          },
          "sensitive_attributes": []
        }
      ]
    },
    {
      "mode": "managed",
      "type": "random_pet",
      "name": "my-var-pet",
      "provider": "provider[\"registry.terraform.io/hashicorp/random\"]",
      "instances": [
        {
          "schema_version": 0,
          "attributes": {
            "id": "Mr.relieved.shrew",
            "keepers": null,
            "length": 2,
            "prefix": "Mr",
            "separator": "."
          },
          "sensitive_attributes": []
        }
      ]
    }
  ],
  "check_results": null
}
