{
  "version": 4,
  "terraform_version": "1.11.3",
  "serial": 7,
  "lineage": "0e126ad6-a978-9e5d-c241-69fd578e6067",
  "outputs": {},
  "resources": [
    {
      "mode": "managed",
      "type": "aws_placement_group",
      "name": "aws-pg-cluster",
      "provider": "provider[\"registry.terraform.io/hashicorp/aws\"]",
      "instances": [
        {
          "schema_version": 0,
          "attributes": {
            "arn": "arn:aws:ec2:us-east-2:225727384053:placement-group/aws-pg-spread",
            "id": "aws-pg-spread",
            "name": "aws-pg-spread",
            "partition_count": 0,
            "placement_group_id": "pg-0868723b9caf0d5e9",
            "spread_level": "rack",
            "strategy": "spread",
            "tags": null,
            "tags_all": {
              "can_be_deleted": "yes",
              "cost": "no",
              "created_by": "terraform",
              "lab": "saa-c03",
              "owner": "franciel",
              "type": "spread",
              "used_for": "aws-certification"
            }
          },
          "sensitive_attributes": [],
          "private": "bnVsbA=="
        }
      ]
    }
  ],
  "check_results": null
}
