{
  "version": 4,
  "terraform_version": "1.11.3",
  "serial": 69,
  "lineage": "e78dc5c1-4f99-c91f-8aa1-6930e6f773b7",
  "outputs": {
    "aws_ec2_pub_ip": {
      "value": "18.118.119.115",
      "type": "string"
    }
  },
  "resources": [
    {
      "mode": "managed",
      "type": "aws_instance",
      "name": "aws-ec2",
      "provider": "provider[\"registry.terraform.io/hashicorp/aws\"]",
      "instances": [
        {
          "schema_version": 1,
          "attributes": {
            "ami": "ami-03fa416bb23a87b06",
            "arn": "arn:aws:ec2:us-east-2:225727384053:instance/i-0f385b0b2175aa795",
            "associate_public_ip_address": true,
            "availability_zone": "us-east-2a",
            "capacity_reservation_specification": [
              {
                "capacity_reservation_preference": "open",
                "capacity_reservation_target": []
              }
            ],
            "cpu_core_count": 1,
            "cpu_options": [
              {
                "amd_sev_snp": "",
                "core_count": 1,
                "threads_per_core": 1
              }
            ],
            "cpu_threads_per_core": 1,
            "credit_specification": [
              {
                "cpu_credits": "standard"
              }
            ],
            "disable_api_stop": false,
            "disable_api_termination": false,
            "ebs_block_device": [],
            "ebs_optimized": false,
            "enclave_options": [
              {
                "enabled": false
              }
            ],
            "ephemeral_block_device": [],
            "get_password_data": false,
            "hibernation": false,
            "host_id": "",
            "host_resource_group_arn": null,
            "iam_instance_profile": "",
            "id": "i-0f385b0b2175aa795",
            "instance_initiated_shutdown_behavior": "terminate",
            "instance_lifecycle": "spot",
            "instance_market_options": [
              {
                "market_type": "spot",
                "spot_options": [
                  {
                    "instance_interruption_behavior": "terminate",
                    "max_price": "0.020000",
                    "spot_instance_type": "one-time",
                    "valid_until": ""
                  }
                ]
              }
            ],
            "instance_state": "running",
            "instance_type": "t2.micro",
            "ipv6_address_count": 0,
            "ipv6_addresses": [],
            "key_name": "key_rsa",
            "launch_template": [],
            "maintenance_options": [
              {
                "auto_recovery": "default"
              }
            ],
            "metadata_options": [
              {
                "http_endpoint": "enabled",
                "http_protocol_ipv6": "disabled",
                "http_put_response_hop_limit": 1,
                "http_tokens": "optional",
                "instance_metadata_tags": "disabled"
              }
            ],
            "monitoring": false,
            "network_interface": [],
            "outpost_arn": "",
            "password_data": "",
            "placement_group": "",
            "placement_partition_number": 0,
            "primary_network_interface_id": "eni-00107684f0b9ce23d",
            "private_dns": "ip-172-31-11-189.us-east-2.compute.internal",
            "private_dns_name_options": [
              {
                "enable_resource_name_dns_a_record": false,
                "enable_resource_name_dns_aaaa_record": false,
                "hostname_type": "ip-name"
              }
            ],
            "private_ip": "172.31.11.189",
            "public_dns": "ec2-18-118-119-115.us-east-2.compute.amazonaws.com",
            "public_ip": "18.118.119.115",
            "root_block_device": [
              {
                "delete_on_termination": true,
                "device_name": "/dev/xvda",
                "encrypted": false,
                "iops": 100,
                "kms_key_id": "",
                "tags": {},
                "tags_all": {
                  "can_be_deleted": "yes",
                  "cost": "yes",
                  "created_by": "terraform",
                  "lab": "saa-c03",
                  "owner": "franciel",
                  "personal_ami": "yes",
                  "used_for": "aws-certification"
                },
                "throughput": 0,
                "volume_id": "vol-0d8b46f951d815633",
                "volume_size": 8,
                "volume_type": "gp2"
              }
            ],
            "secondary_private_ips": [],
            "security_groups": [
              "web-server-sg"
            ],
            "source_dest_check": true,
            "spot_instance_request_id": "sir-3xwq2rgn",
            "subnet_id": "subnet-026b9e7faf4721570",
            "tags": {
              "Name": "saa-c03"
            },
            "tags_all": {
              "Name": "saa-c03",
              "can_be_deleted": "yes",
              "cost": "yes",
              "created_by": "terraform",
              "lab": "saa-c03",
              "owner": "franciel",
              "personal_ami": "yes",
              "used_for": "aws-certification"
            },
            "tenancy": "default",
            "timeouts": null,
            "user_data": null,
            "user_data_base64": null,
            "user_data_replace_on_change": false,
            "volume_tags": null,
            "vpc_security_group_ids": [
              "sg-07430b02abbe33f83"
            ]
          },
          "sensitive_attributes": [],
          "private": "eyJlMmJmYjczMC1lY2FhLTExZTYtOGY4OC0zNDM2M2JjN2M0YzAiOnsiY3JlYXRlIjo2MDAwMDAwMDAwMDAsImRlbGV0ZSI6MTIwMDAwMDAwMDAwMCwicmVhZCI6OTAwMDAwMDAwMDAwLCJ1cGRhdGUiOjYwMDAwMDAwMDAwMH0sInNjaGVtYV92ZXJzaW9uIjoiMSJ9",
          "dependencies": [
            "aws_key_pair.aws-ec2-key",
            "aws_security_group.web_sg"
          ]
        }
      ]
    },
    {
      "mode": "managed",
      "type": "aws_key_pair",
      "name": "aws-ec2-key",
      "provider": "provider[\"registry.terraform.io/hashicorp/aws\"]",
      "instances": [
        {
          "schema_version": 1,
          "attributes": {
            "arn": "arn:aws:ec2:us-east-2:225727384053:key-pair/key_rsa",
            "fingerprint": "dc:94:c8:89:31:73:9f:26:96:e3:d2:ed:81:fc:75:72",
            "id": "key_rsa",
            "key_name": "key_rsa",
            "key_name_prefix": "",
            "key_pair_id": "key-061495a7fdd298d69",
            "key_type": "rsa",
            "public_key": "ssh-rsa AAAAB3NzaC1yc2EAAAADAQABAAABAQDj4xpNBR517LTLcg31kk635pEniQT8bdUvsY4qzfXu0qGYNVBsvMBmDOxMycdJcLCFgAYYCHrmoQrVfNX0eZBnOX3dkY7JWYwNE3lJfeWOlG6XEnTeuZKdGo5ai2WaREnAC84uf4xKC2hHdCrMHRF94Fs/Y5IzebWQxMEEi7Js7PWWmh9VzRi5wJERIJLaAmpCRd3uUKmgvEsv4RKfc9Rqy6vY/hVYDtewLVTUB+mA1nREAAEzZ8HKEKZuvn6DGvvRfmXroObegdSRytCYOL5uri99vaAeOr0zSb1R386hr8LyDGHfA8Am8YRx7hZl//uSWTlqdoN5Zixg3+FRXsZF franciel@SharkNoteO",
            "tags": null,
            "tags_all": {
              "can_be_deleted": "yes",
              "cost": "yes",
              "created_by": "terraform",
              "lab": "saa-c03",
              "owner": "franciel",
              "personal_ami": "yes",
              "used_for": "aws-certification"
            }
          },
          "sensitive_attributes": [],
          "private": "eyJzY2hlbWFfdmVyc2lvbiI6IjEifQ=="
        }
      ]
    },
    {
      "mode": "managed",
      "type": "aws_security_group",
      "name": "web_sg",
      "provider": "provider[\"registry.terraform.io/hashicorp/aws\"]",
      "instances": [
        {
          "schema_version": 1,
          "attributes": {
            "arn": "arn:aws:ec2:us-east-2:225727384053:security-group/sg-07430b02abbe33f83",
            "description": "Allow inbound HTTP and SSH traffic",
            "egress": [
              {
                "cidr_blocks": [
                  "0.0.0.0/0"
                ],
                "description": "",
                "from_port": 0,
                "ipv6_cidr_blocks": [],
                "prefix_list_ids": [],
                "protocol": "-1",
                "security_groups": [],
                "self": false,
                "to_port": 0
              }
            ],
            "id": "sg-07430b02abbe33f83",
            "ingress": [
              {
                "cidr_blocks": [
                  "0.0.0.0/0"
                ],
                "description": "",
                "from_port": 22,
                "ipv6_cidr_blocks": [],
                "prefix_list_ids": [],
                "protocol": "tcp",
                "security_groups": [],
                "self": false,
                "to_port": 22
              },
              {
                "cidr_blocks": [
                  "0.0.0.0/0"
                ],
                "description": "",
                "from_port": 80,
                "ipv6_cidr_blocks": [],
                "prefix_list_ids": [],
                "protocol": "tcp",
                "security_groups": [],
                "self": false,
                "to_port": 80
              }
            ],
            "name": "web-server-sg",
            "name_prefix": "",
            "owner_id": "225727384053",
            "revoke_rules_on_delete": false,
            "tags": null,
            "tags_all": {
              "can_be_deleted": "yes",
              "cost": "yes",
              "created_by": "terraform",
              "lab": "saa-c03",
              "owner": "franciel",
              "personal_ami": "yes",
              "used_for": "aws-certification"
            },
            "timeouts": null,
            "vpc_id": "vpc-09b4debad5c4ece60"
          },
          "sensitive_attributes": [],
          "private": "eyJlMmJmYjczMC1lY2FhLTExZTYtOGY4OC0zNDM2M2JjN2M0YzAiOnsiY3JlYXRlIjo2MDAwMDAwMDAwMDAsImRlbGV0ZSI6OTAwMDAwMDAwMDAwfSwic2NoZW1hX3ZlcnNpb24iOiIxIn0="
        }
      ]
    }
  ],
  "check_results": null
}
