{
  "version": 4,
  "terraform_version": "1.11.3",
  "serial": 4,
  "lineage": "1c708197-1349-d162-e519-c6666168e6eb",
  "outputs": {},
  "resources": [
    {
      "mode": "managed",
      "type": "aws_placement_group",
      "name": "aws-pg-cluster",
      "provider": "provider[\"registry.terraform.io/hashicorp/aws\"]",
      "instances": [
        {
          "schema_version": 0,
          "attributes": {
            "arn": "arn:aws:ec2:us-east-2:225727384053:placement-group/aws-pg-partition",
            "id": "aws-pg-partition",
            "name": "aws-pg-partition",
            "partition_count": 5,
            "placement_group_id": "pg-05ef287262bcabead",
            "spread_level": "",
            "strategy": "partition",
            "tags": null,
            "tags_all": {
              "can_be_deleted": "yes",
              "cost": "no",
              "created_by": "terraform",
              "lab": "saa-c03",
              "owner": "franciel",
              "type": "partition",
              "used_for": "aws-certification"
            }
          },
          "sensitive_attributes": [],
          "private": "bnVsbA=="
        }
      ]
    }
  ],
  "check_results": null
}
