{
  "version": 4,
  "terraform_version": "1.11.3",
  "serial": 8,
  "lineage": "1c708197-1349-d162-e519-c6666168e6eb",
  "outputs": {},
  "resources": [
    {
      "mode": "managed",
      "type": "aws_ebs_volume",
      "name": "my_volume",
      "provider": "provider[\"registry.terraform.io/hashicorp/aws\"]",
      "instances": [
        {
          "schema_version": 0,
          "attributes": {
            "arn": "arn:aws:ec2:us-east-2:225727384053:volume/vol-008e415c9e284b792",
            "availability_zone": "us-east-2a",
            "encrypted": false,
            "final_snapshot": false,
            "id": "vol-008e415c9e284b792",
            "iops": 3000,
            "kms_key_id": "",
            "multi_attach_enabled": false,
            "outpost_arn": "",
            "size": 8,
            "snapshot_id": "",
            "tags": null,
            "tags_all": {
              "can_be_deleted": "yes",
              "cost": "no",
              "created_by": "terraform",
              "lab": "saa-c03",
              "owner": "franciel",
              "type": "ebs",
              "used_for": "aws-certification"
            },
            "throughput": 125,
            "timeouts": null,
            "type": "gp3"
          },
          "sensitive_attributes": [],
          "private": "eyJlMmJmYjczMC1lY2FhLTExZTYtOGY4OC0zNDM2M2JjN2M0YzAiOnsiY3JlYXRlIjozMDAwMDAwMDAwMDAsImRlbGV0ZSI6MzAwMDAwMDAwMDAwLCJ1cGRhdGUiOjMwMDAwMDAwMDAwMH19"
        }
      ]
    }
  ],
  "check_results": null
}
